
Microsoft Visual Studio Solution File, Format Version 12.00
# Visual Studio Version 17
VisualStudioVersion = 17.1.32328.378
MinimumVisualStudioVersion = 10.0.40219.1
Project("{FAE04EC0-301F-11D3-BF4B-00C04F79EFBC}") = "NGronk Host", "NGronk Host\NGronk Host.csproj", "{BDA847EC-58E0-48CF-B2DA-81C8803BBF6F}"
EndProject
Global
	GlobalSection(SolutionConfigurationPlatforms) = preSolution
		Debug|Any CPU = Debug|Any CPU
		Release|Any CPU = Release|Any CPU
	EndGlobalSection
	GlobalSection(ProjectConfigurationPlatforms) = postSolution
		{BDA847EC-58E0-48CF-B2DA-81C8803BBF6F}.Debug|Any CPU.ActiveCfg = Debug|Any CPU
		{BDA847EC-58E0-48CF-B2DA-81C8803BBF6F}.Debug|Any CPU.Build.0 = Debug|Any CPU
		{BDA847EC-58E0-48CF-B2DA-81C8803BBF6F}.Release|Any CPU.ActiveCfg = Release|Any CPU
		{BDA847EC-58E0-48CF-B2DA-81C8803BBF6F}.Release|Any CPU.Build.0 = Release|Any CPU
	EndGlobalSection
	GlobalSection(SolutionProperties) = preSolution
		HideSolutionNode = FALSE
	EndGlobalSection
	GlobalSection(ExtensibilityGlobals) = postSolution
		SolutionGuid = {6E9D0E87-A92E-4C3E-8E9D-9325356A63F3}
	EndGlobalSection
EndGlobal
